
Microsoft Visual Studio Solution File, Format Version 12.00
# Visual Studio Version 17
VisualStudioVersion = 17.7.34202.233
MinimumVisualStudioVersion = 10.0.40219.1
Project("{FAE04EC0-301F-11D3-BF4B-00C04F79EFBC}") = "flowchart kodning", "flowchart kodning\flowchart kodning.csproj", "{8755A3EE-50B5-4E5B-B601-372B5CBEC254}"
EndProject
Global
	GlobalSection(SolutionConfigurationPlatforms) = preSolution
		Debug|Any CPU = Debug|Any CPU
		Release|Any CPU = Release|Any CPU
	EndGlobalSection
	GlobalSection(ProjectConfigurationPlatforms) = postSolution
		{8755A3EE-50B5-4E5B-B601-372B5CBEC254}.Debug|Any CPU.ActiveCfg = Debug|Any CPU
		{8755A3EE-50B5-4E5B-B601-372B5CBEC254}.Debug|Any CPU.Build.0 = Debug|Any CPU
		{8755A3EE-50B5-4E5B-B601-372B5CBEC254}.Release|Any CPU.ActiveCfg = Release|Any CPU
		{8755A3EE-50B5-4E5B-B601-372B5CBEC254}.Release|Any CPU.Build.0 = Release|Any CPU
	EndGlobalSection
	GlobalSection(SolutionProperties) = preSolution
		HideSolutionNode = FALSE
	EndGlobalSection
	GlobalSection(ExtensibilityGlobals) = postSolution
		SolutionGuid = {6BCC48BE-ED45-488F-8623-27BCBA3A3A04}
	EndGlobalSection
EndGlobal
